
Microsoft Visual Studio Solution File, Format Version 12.00
# Visual Studio Version 17
VisualStudioVersion = 17.4.33027.239
MinimumVisualStudioVersion = 10.0.40219.1
Project("{8BC9CEB8-8B4A-11D0-8D11-00A0C91BC942}") = "ExplorerFrame", "ExplorerFrame\ExplorerFrame.vcxproj", "{B0911B85-3398-4A47-B535-9814519C37BC}"
EndProject
Project("{8BC9CEB8-8B4A-11D0-8D11-00A0C91BC942}") = "Injector", "Injector\Injector.vcxproj", "{AF25E190-DFAE-4D35-8D91-970E952BD305}"
EndProject
Global
	GlobalSection(SolutionConfigurationPlatforms) = preSolution
		Debug|ARM64 = Debug|ARM64
		Debug|x64 = Debug|x64
		Release|ARM64 = Release|ARM64
		Release|x64 = Release|x64
	EndGlobalSection
	GlobalSection(ProjectConfigurationPlatforms) = postSolution
		{B0911B85-3398-4A47-B535-9814519C37BC}.Debug|ARM64.ActiveCfg = Debug|ARM64
		{B0911B85-3398-4A47-B535-9814519C37BC}.Debug|ARM64.Build.0 = Debug|ARM64
		{B0911B85-3398-4A47-B535-9814519C37BC}.Debug|x64.ActiveCfg = Debug|x64
		{B0911B85-3398-4A47-B535-9814519C37BC}.Debug|x64.Build.0 = Debug|x64
		{B0911B85-3398-4A47-B535-9814519C37BC}.Release|ARM64.ActiveCfg = Release|ARM64
		{B0911B85-3398-4A47-B535-9814519C37BC}.Release|ARM64.Build.0 = Release|ARM64
		{B0911B85-3398-4A47-B535-9814519C37BC}.Release|x64.ActiveCfg = Release|x64
		{B0911B85-3398-4A47-B535-9814519C37BC}.Release|x64.Build.0 = Release|x64
		{AF25E190-DFAE-4D35-8D91-970E952BD305}.Debug|ARM64.ActiveCfg = Debug|ARM64
		{AF25E190-DFAE-4D35-8D91-970E952BD305}.Debug|ARM64.Build.0 = Debug|ARM64
		{AF25E190-DFAE-4D35-8D91-970E952BD305}.Debug|x64.ActiveCfg = Debug|x64
		{AF25E190-DFAE-4D35-8D91-970E952BD305}.Debug|x64.Build.0 = Debug|x64
		{AF25E190-DFAE-4D35-8D91-970E952BD305}.Release|ARM64.ActiveCfg = Release|ARM64
		{AF25E190-DFAE-4D35-8D91-970E952BD305}.Release|ARM64.Build.0 = Release|ARM64
		{AF25E190-DFAE-4D35-8D91-970E952BD305}.Release|x64.ActiveCfg = Release|x64
		{AF25E190-DFAE-4D35-8D91-970E952BD305}.Release|x64.Build.0 = Release|x64
	EndGlobalSection
	GlobalSection(SolutionProperties) = preSolution
		HideSolutionNode = FALSE
	EndGlobalSection
	GlobalSection(ExtensibilityGlobals) = postSolution
		SolutionGuid = {EBD6F0B4-1FEE-4BCF-9B83-41000937AD5D}
	EndGlobalSection
EndGlobal
